
Microsoft Visual Studio Solution File, Format Version 12.00
# Visual Studio Version 17
VisualStudioVersion = 17.7.34202.233
MinimumVisualStudioVersion = 10.0.40219.1
Project("{FAE04EC0-301F-11D3-BF4B-00C04F79EFBC}") = "WebHTML", "WebHTML\WebHTML.csproj", "{BEBBF177-8487-4AA3-B754-B6B19E2D5694}"
EndProject
Global
	GlobalSection(SolutionConfigurationPlatforms) = preSolution
		Debug|Any CPU = Debug|Any CPU
		Release|Any CPU = Release|Any CPU
	EndGlobalSection
	GlobalSection(ProjectConfigurationPlatforms) = postSolution
		{BEBBF177-8487-4AA3-B754-B6B19E2D5694}.Debug|Any CPU.ActiveCfg = Debug|Any CPU
		{BEBBF177-8487-4AA3-B754-B6B19E2D5694}.Debug|Any CPU.Build.0 = Debug|Any CPU
		{BEBBF177-8487-4AA3-B754-B6B19E2D5694}.Release|Any CPU.ActiveCfg = Release|Any CPU
		{BEBBF177-8487-4AA3-B754-B6B19E2D5694}.Release|Any CPU.Build.0 = Release|Any CPU
	EndGlobalSection
	GlobalSection(SolutionProperties) = preSolution
		HideSolutionNode = FALSE
	EndGlobalSection
	GlobalSection(ExtensibilityGlobals) = postSolution
		SolutionGuid = {096A9C8A-19A4-49DC-A863-3AF5B5825450}
	EndGlobalSection
EndGlobal
